// !$*UTF8*$!
{
	archiveVersion = 1;
	classes = {
	};
	objectVersion = 50;
	objects = {

/* Begin PBXBuildFile section */
		3FE2D51A20BD62F600781DB8 /* GoogleService-Info.plist in Resources */ = {isa = PBXBuildFile; fileRef = 3FE2D51920BD62F600781DB8 /* GoogleService-Info.plist */; };
		3FEA76B320BD61300070A869 /* AppDelegate.swift in Sources */ = {isa = PBXBuildFile; fileRef = 3FEA76B220BD61300070A869 /* AppDelegate.swift */; };
		3FEA76B520BD61300070A869 /* ViewController.swift in Sources */ = {isa = PBXBuildFile; fileRef = 3FEA76B420BD61300070A869 /* ViewController.swift */; };
		3FEA76B820BD61300070A869 /* Main.storyboard in Resources */ = {isa = PBXBuildFile; fileRef = 3FEA76B620BD61300070A869 /* Main.storyboard */; };
		3FEA76BA20BD61330070A869 /* Assets.xcassets in Resources */ = {isa = PBXBuildFile; fileRef = 3FEA76B920BD61330070A869 /* Assets.xcassets */; };
		3FEA76BD20BD61330070A869 /* LaunchScreen.storyboard in Resources */ = {isa = PBXBuildFile; fileRef = 3FEA76BB20BD61330070A869 /* LaunchScreen.storyboard */; };
		A1F0BED7D33D56C7B48E9EF6 /* Pods_Alome.framework in Frameworks */ = {isa = PBXBuildFile; fileRef = 4F96A01F2572B268CCE75F2D /* Pods_Alome.framework */; };
/* End PBXBuildFile section */

/* Begin PBXFileReference section */
		3FE2D51920BD62F600781DB8 /* GoogleService-Info.plist */ = {isa = PBXFileReference; fileEncoding = 4; lastKnownFileType = text.plist.xml; path = "GoogleService-Info.plist"; sourceTree = "<group>"; };
		3FEA76AF20BD61300070A869 /* Alome.app */ = {isa = PBXFileReference; explicitFileType = wrapper.application; includeInIndex = 0; path = Alome.app; sourceTree = BUILT_PRODUCTS_DIR; };
		3FEA76B220BD61300070A869 /* AppDelegate.swift */ = {isa = PBXFileReference; lastKnownFileType = sourcecode.swift; path = AppDelegate.swift; sourceTree = "<group>"; };
		3FEA76B420BD61300070A869 /* ViewController.swift */ = {isa = PBXFileReference; lastKnownFileType = sourcecode.swift; path = ViewController.swift; sourceTree = "<group>"; };
		3FEA76B720BD61300070A869 /* Base */ = {isa = PBXFileReference; lastKnownFileType = file.storyboard; name = Base; path = Base.lproj/Main.storyboard; sourceTree = "<group>"; };
		3FEA76B920BD61330070A869 /* Assets.xcassets */ = {isa = PBXFileReference; lastKnownFileType = folder.assetcatalog; path = Assets.xcassets; sourceTree = "<group>"; };
		3FEA76BC20BD61330070A869 /* Base */ = {isa = PBXFileReference; lastKnownFileType = file.storyboard; name = Base; path = Base.lproj/LaunchScreen.storyboard; sourceTree = "<group>"; };
		3FEA76BE20BD61330070A869 /* Info.plist */ = {isa = PBXFileReference; lastKnownFileType = text.plist.xml; path = Info.plist; sourceTree = "<group>"; };
		4F96A01F2572B268CCE75F2D /* Pods_Alome.framework */ = {isa = PBXFileReference; explicitFileType = wrapper.framework; includeInIndex = 0; path = Pods_Alome.framework; sourceTree = BUILT_PRODUCTS_DIR; };
		5682EF8EA48209F64320B1C8 /* Pods-Alome.release.xcconfig */ = {isa = PBXFileReference; includeInIndex = 1; lastKnownFileType = text.xcconfig; name = "Pods-Alome.release.xcconfig"; path = "Pods/Target Support Files/Pods-Alome/Pods-Alome.release.xcconfig"; sourceTree = "<group>"; };
		7BF32EBE8F9C3B7C0352C4CC /* Pods-Alome.debug.xcconfig */ = {isa = PBXFileReference; includeInIndex = 1; lastKnownFileType = text.xcconfig; name = "Pods-Alome.debug.xcconfig"; path = "Pods/Target Support Files/Pods-Alome/Pods-Alome.debug.xcconfig"; sourceTree = "<group>"; };
/* End PBXFileReference section */

/* Begin PBXFrameworksBuildPhase section */
		3FEA76AC20BD61300070A869 /* Frameworks */ = {
			isa = PBXFrameworksBuildPhase;
			buildActionMask = 2147483647;
			files = (
				A1F0BED7D33D56C7B48E9EF6 /* Pods_Alome.framework in Frameworks */,
			);
			runOnlyForDeploymentPostprocessing = 0;
		};
/* End PBXFrameworksBuildPhase section */

/* Begin PBXGroup section */
		3FEA76A620BD61300070A869 = {
			isa = PBXGroup;
			children = (
				3FEA76B120BD61300070A869 /* Alome */,
				3FEA76B020BD61300070A869 /* Products */,
				45154A89B054429FF915B124 /* Pods */,
				A99123776622DAD0D7630E3F /* Frameworks */,
			);
			sourceTree = "<group>";
		};
		3FEA76B020BD61300070A869 /* Products */ = {
			isa = PBXGroup;
			children = (
				3FEA76AF20BD61300070A869 /* Alome.app */,
			);
			name = Products;
			sourceTree = "<group>";
		};
		3FEA76B120BD61300070A869 /* Alome */ = {
			isa = PBXGroup;
			children = (
				3FEA76B220BD61300070A869 /* AppDelegate.swift */,
				3FEA76B420BD61300070A869 /* ViewController.swift */,
				3FEA76B620BD61300070A869 /* Main.storyboard */,
				3FEA76B920BD61330070A869 /* Assets.xcassets */,
				3FEA76BB20BD61330070A869 /* LaunchScreen.storyboard */,
				3FE2D51920BD62F600781DB8 /* GoogleService-Info.plist */,
				3FEA76BE20BD61330070A869 /* Info.plist */,
			);
			path = Alome;
			sourceTree = "<group>";
		};
		45154A89B054429FF915B124 /* Pods */ = {
			isa = PBXGroup;
			children = (
				7BF32EBE8F9C3B7C0352C4CC /* Pods-Alome.debug.xcconfig */,
				5682EF8EA48209F64320B1C8 /* Pods-Alome.release.xcconfig */,
			);
			name = Pods;
			sourceTree = "<group>";
		};
		A99123776622DAD0D7630E3F /* Frameworks */ = {
			isa = PBXGroup;
			children = (
				4F96A01F2572B268CCE75F2D /* Pods_Alome.framework */,
			);
			name = Frameworks;
			sourceTree = "<group>";
		};
/* End PBXGroup section */

/* Begin PBXNativeTarget section */
		3FEA76AE20BD61300070A869 /* Alome */ = {
			isa = PBXNativeTarget;
			buildConfigurationList = 3FEA76C120BD61330070A869 /* Build configuration list for PBXNativeTarget "Alome" */;
			buildPhases = (
				F5D270B1C8CE898B3FB0E427 /* [CP] Check Pods Manifest.lock */,
				3FEA76AB20BD61300070A869 /* Sources */,
				3FEA76AC20BD61300070A869 /* Frameworks */,
				3FEA76AD20BD61300070A869 /* Resources */,
				0B044B645763D41238A6CF64 /* [CP] Embed Pods Frameworks */,
			);
			buildRules = (
			);
			dependencies = (
			);
			name = Alome;
			productName = Alome;
			productReference = 3FEA76AF20BD61300070A869 /* Alome.app */;
			productType = "com.apple.product-type.application";
		};
/* End PBXNativeTarget section */

/* Begin PBXProject section */
		3FEA76A720BD61300070A869 /* Project object */ = {
			isa = PBXProject;
			attributes = {
				LastSwiftUpdateCheck = 0930;
				LastUpgradeCheck = 0930;
				ORGANIZATIONNAME = student;
				TargetAttributes = {
					3FEA76AE20BD61300070A869 = {
						CreatedOnToolsVersion = 9.3.1;
					};
				};
			};
			buildConfigurationList = 3FEA76AA20BD61300070A869 /* Build configuration list for PBXProject "Alome" */;
			compatibilityVersion = "Xcode 9.3";
			developmentRegion = en;
			hasScannedForEncodings = 0;
			knownRegions = (
				en,
				Base,
			);
			mainGroup = 3FEA76A620BD61300070A869;
			productRefGroup = 3FEA76B020BD61300070A869 /* Products */;
			projectDirPath = "";
			projectRoot = "";
			targets = (
				3FEA76AE20BD61300070A869 /* Alome */,
			);
		};
/* End PBXProject section */

/* Begin PBXResourcesBuildPhase section */
		3FEA76AD20BD61300070A869 /* Resources */ = {
			isa = PBXResourcesBuildPhase;
			buildActionMask = 2147483647;
			files = (
				3FEA76BD20BD61330070A869 /* LaunchScreen.storyboard in Resources */,
				3FE2D51A20BD62F600781DB8 /* GoogleService-Info.plist in Resources */,
				3FEA76BA20BD61330070A869 /* Assets.xcassets in Resources */,
				3FEA76B820BD61300070A869 /* Main.storyboard in Resources */,
			);
			runOnlyForDeploymentPostprocessing = 0;
		};
/* End PBXResourcesBuildPhase section */

/* Begin PBXShellScriptBuildPhase section */
		0B044B645763D41238A6CF64 /* [CP] Embed Pods Frameworks */ = {
			isa = PBXShellScriptBuildPhase;
			buildActionMask = 2147483647;
			files = (
			);
			inputPaths = (
				"${SRCROOT}/Pods/Target Support Files/Pods-Alome/Pods-Alome-frameworks.sh",
				"${BUILT_PRODUCTS_DIR}/GTMSessionFetcher/GTMSessionFetcher.framework",
				"${BUILT_PRODUCTS_DIR}/GoogleToolboxForMac/GoogleToolboxForMac.framework",
				"${BUILT_PRODUCTS_DIR}/leveldb-library/leveldb.framework",
				"${BUILT_PRODUCTS_DIR}/nanopb/nanopb.framework",
			);
			name = "[CP] Embed Pods Frameworks";
			outputPaths = (
				"${TARGET_BUILD_DIR}/${FRAMEWORKS_FOLDER_PATH}/GTMSessionFetcher.framework",
				"${TARGET_BUILD_DIR}/${FRAMEWORKS_FOLDER_PATH}/GoogleToolboxForMac.framework",
				"${TARGET_BUILD_DIR}/${FRAMEWORKS_FOLDER_PATH}/leveldb.framework",
				"${TARGET_BUILD_DIR}/${FRAMEWORKS_FOLDER_PATH}/nanopb.framework",
			);
			runOnlyForDeploymentPostprocessing = 0;
			shellPath = /bin/sh;
			shellScript = "\"${SRCROOT}/Pods/Target Support Files/Pods-Alome/Pods-Alome-frameworks.sh\"\n";
			showEnvVarsInLog = 0;
		};
		F5D270B1C8CE898B3FB0E427 /* [CP] Check Pods Manifest.lock */ = {
			isa = PBXShellScriptBuildPhase;
			buildActionMask = 2147483647;
			files = (
			);
			inputPaths = (
				"${PODS_PODFILE_DIR_PATH}/Podfile.lock",
				"${PODS_ROOT}/Manifest.lock",
			);
			name = "[CP] Check Pods Manifest.lock";
			outputPaths = (
				"$(DERIVED_FILE_DIR)/Pods-Alome-checkManifestLockResult.txt",
			);
			runOnlyForDeploymentPostprocessing = 0;
			shellPath = /bin/sh;
			shellScript = "diff \"${PODS_PODFILE_DIR_PATH}/Podfile.lock\" \"${PODS_ROOT}/Manifest.lock\" > /dev/null\nif [ $? != 0 ] ; then\n    # print error to STDERR\n    echo \"error: The sandbox is not in sync with the Podfile.lock. Run 'pod install' or update your CocoaPods installation.\" >&2\n    exit 1\nfi\n# This output is used by Xcode 'outputs' to avoid re-running this script phase.\necho \"SUCCESS\" > \"${SCRIPT_OUTPUT_FILE_0}\"\n";
			showEnvVarsInLog = 0;
		};
/* End PBXShellScriptBuildPhase section */

/* Begin PBXSourcesBuildPhase section */
		3FEA76AB20BD61300070A869 /* Sources */ = {
			isa = PBXSourcesBuildPhase;
			buildActionMask = 2147483647;
			files = (
				3FEA76B520BD61300070A869 /* ViewController.swift in Sources */,
				3FEA76B320BD61300070A869 /* AppDelegate.swift in Sources */,
			);
			runOnlyForDeploymentPostprocessing = 0;
		};
/* End PBXSourcesBuildPhase section */

/* Begin PBXVariantGroup section */
		3FEA76B620BD61300070A869 /* Main.storyboard */ = {
			isa = PBXVariantGroup;
			children = (
				3FEA76B720BD61300070A869 /* Base */,
			);
			name = Main.storyboard;
			sourceTree = "<group>";
		};
		3FEA76BB20BD61330070A869 /* LaunchScreen.storyboard */ = {
			isa = PBXVariantGroup;
			children = (
				3FEA76BC20BD61330070A869 /* Base */,
			);
			name = LaunchScreen.storyboard;
			sourceTree = "<group>";
		};
/* End PBXVariantGroup section */

/* Begin XCBuildConfiguration section */
		3FEA76BF20BD61330070A869 /* Debug */ = {
			isa = XCBuildConfiguration;
			buildSettings = {
				ALWAYS_SEARCH_USER_PATHS = NO;
				CLANG_ANALYZER_NONNULL = YES;
				CLANG_ANALYZER_NUMBER_OBJECT_CONVERSION = YES_AGGRESSIVE;
				CLANG_CXX_LANGUAGE_STANDARD = "gnu++14";
				CLANG_CXX_LIBRARY = "libc++";
				CLANG_ENABLE_MODULES = YES;
				CLANG_ENABLE_OBJC_ARC = YES;
				CLANG_ENABLE_OBJC_WEAK = YES;
				CLANG_WARN_BLOCK_CAPTURE_AUTORELEASING = YES;
				CLANG_WARN_BOOL_CONVERSION = YES;
				CLANG_WARN_COMMA = YES;
				CLANG_WARN_CONSTANT_CONVERSION = YES;
				CLANG_WARN_DEPRECATED_OBJC_IMPLEMENTATIONS = YES;
				CLANG_WARN_DIRECT_OBJC_ISA_USAGE = YES_ERROR;
				CLANG_WARN_DOCUMENTATION_COMMENTS = YES;
				CLANG_WARN_EMPTY_BODY = YES;
				CLANG_WARN_ENUM_CONVERSION = YES;
				CLANG_WARN_INFINITE_RECURSION = YES;
				CLANG_WARN_INT_CONVERSION = YES;
				CLANG_WARN_NON_LITERAL_NULL_CONVERSION = YES;
				CLANG_WARN_OBJC_IMPLICIT_RETAIN_SELF = YES;
				CLANG_WARN_OBJC_LITERAL_CONVERSION = YES;
				CLANG_WARN_OBJC_ROOT_CLASS = YES_ERROR;
				CLANG_WARN_RANGE_LOOP_ANALYSIS = YES;
				CLANG_WARN_STRICT_PROTOTYPES = YES;
				CLANG_WARN_SUSPICIOUS_MOVE = YES;
				CLANG_WARN_UNGUARDED_AVAILABILITY = YES_AGGRESSIVE;
				CLANG_WARN_UNREACHABLE_CODE = YES;
				CLANG_WARN__DUPLICATE_METHOD_MATCH = YES;
				CODE_SIGN_IDENTITY = "iPhone Developer";
				COPY_PHASE_STRIP = NO;
				DEBUG_INFORMATION_FORMAT = dwarf;
				ENABLE_STRICT_OBJC_MSGSEND = YES;
				ENABLE_TESTABILITY = YES;
				GCC_C_LANGUAGE_STANDARD = gnu11;
				GCC_DYNAMIC_NO_PIC = NO;
				GCC_NO_COMMON_BLOCKS = YES;
				GCC_OPTIMIZATION_LEVEL = 0;
				GCC_PREPROCESSOR_DEFINITIONS = (
					"DEBUG=1",
					"$(inherited)",
				);
				GCC_WARN_64_TO_32_BIT_CONVERSION = YES;
				GCC_WARN_ABOUT_RETURN_TYPE = YES_ERROR;
				GCC_WARN_UNDECLARED_SELECTOR = YES;
				GCC_WARN_UNINITIALIZED_AUTOS = YES_AGGRESSIVE;
				GCC_WARN_UNUSED_FUNCTION = YES;
				GCC_WARN_UNUSED_VARIABLE = YES;
				IPHONEOS_DEPLOYMENT_TARGET = 11.3;
				MTL_ENABLE_DEBUG_INFO = YES;
				ONLY_ACTIVE_ARCH = YES;
				SDKROOT = iphoneos;
				SWIFT_ACTIVE_COMPILATION_CONDITIONS = DEBUG;
				SWIFT_OPTIMIZATION_LEVEL = "-Onone";
			};
			name = Debug;
		};
		3FEA76C020BD61330070A869 /* Release */ = {
			isa = XCBuildConfiguration;
			buildSettings = {
				ALWAYS_SEARCH_USER_PATHS = NO;
				CLANG_ANALYZER_NONNULL = YES;
				CLANG_ANALYZER_NUMBER_OBJECT_CONVERSION = YES_AGGRESSIVE;
				CLANG_CXX_LANGUAGE_STANDARD = "gnu++14";
				CLANG_CXX_LIBRARY = "libc++";
				CLANG_ENABLE_MODULES = YES;
				CLANG_ENABLE_OBJC_ARC = YES;
				CLANG_ENABLE_OBJC_WEAK = YES;
				CLANG_WARN_BLOCK_CAPTURE_AUTORELEASING = YES;
				CLANG_WARN_BOOL_CONVERSION = YES;
				CLANG_WARN_COMMA = YES;
				CLANG_WARN_CONSTANT_CONVERSION = YES;
				CLANG_WARN_DEPRECATED_OBJC_IMPLEMENTATIONS = YES;
				CLANG_WARN_DIRECT_OBJC_ISA_USAGE = YES_ERROR;
				CLANG_WARN_DOCUMENTATION_COMMENTS = YES;
				CLANG_WARN_EMPTY_BODY = YES;
				CLANG_WARN_ENUM_CONVERSION = YES;
				CLANG_WARN_INFINITE_RECURSION = YES;
				CLANG_WARN_INT_CONVERSION = YES;
				CLANG_WARN_NON_LITERAL_NULL_CONVERSION = YES;
				CLANG_WARN_OBJC_IMPLICIT_RETAIN_SELF = YES;
				CLANG_WARN_OBJC_LITERAL_CONVERSION = YES;
				CLANG_WARN_OBJC_ROOT_CLASS = YES_ERROR;
				CLANG_WARN_RANGE_LOOP_ANALYSIS = YES;
				CLANG_WARN_STRICT_PROTOTYPES = YES;
				CLANG_WARN_SUSPICIOUS_MOVE = YES;
				CLANG_WARN_UNGUARDED_AVAILABILITY = YES_AGGRESSIVE;
				CLANG_WARN_UNREACHABLE_CODE = YES;
				CLANG_WARN__DUPLICATE_METHOD_MATCH = YES;
				CODE_SIGN_IDENTITY = "iPhone Developer";
				COPY_PHASE_STRIP = NO;
				DEBUG_INFORMATION_FORMAT = "dwarf-with-dsym";
				ENABLE_NS_ASSERTIONS = NO;
				ENABLE_STRICT_OBJC_MSGSEND = YES;
				GCC_C_LANGUAGE_STANDARD = gnu11;
				GCC_NO_COMMON_BLOCKS = YES;
				GCC_WARN_64_TO_32_BIT_CONVERSION = YES;
				GCC_WARN_ABOUT_RETURN_TYPE = YES_ERROR;
				GCC_WARN_UNDECLARED_SELECTOR = YES;
				GCC_WARN_UNINITIALIZED_AUTOS = YES_AGGRESSIVE;
				GCC_WARN_UNUSED_FUNCTION = YES;
				GCC_WARN_UNUSED_VARIABLE = YES;
				IPHONEOS_DEPLOYMENT_TARGET = 11.3;
				MTL_ENABLE_DEBUG_INFO = NO;
				SDKROOT = iphoneos;
				SWIFT_COMPILATION_MODE = wholemodule;
				SWIFT_OPTIMIZATION_LEVEL = "-O";
				VALIDATE_PRODUCT = YES;
			};
			name = Release;
		};
		3FEA76C220BD61330070A869 /* Debug */ = {
			isa = XCBuildConfiguration;
			baseConfigurationReference = 7BF32EBE8F9C3B7C0352C4CC /* Pods-Alome.debug.xcconfig */;
			buildSettings = {
				ASSETCATALOG_COMPILER_APPICON_NAME = AppIcon;
				CODE_SIGN_STYLE = Automatic;
				DEVELOPMENT_TEAM = CPMBNC68F4;
				INFOPLIST_FILE = Alome/Info.plist;
				LD_RUNPATH_SEARCH_PATHS = (
					"$(inherited)",
					"@executable_path/Frameworks",
				);
				PRODUCT_BUNDLE_IDENTIFIER = Alexware.Alome;
				PRODUCT_NAME = "$(TARGET_NAME)";
				SWIFT_VERSION = 4.0;
				TARGETED_DEVICE_FAMILY = "1,2";
			};
			name = Debug;
		};
		3FEA76C320BD61330070A869 /* Release */ = {
			isa = XCBuildConfiguration;
			baseConfigurationReference = 5682EF8EA48209F64320B1C8 /* Pods-Alome.release.xcconfig */;
			buildSettings = {
				ASSETCATALOG_COMPILER_APPICON_NAME = AppIcon;
				CODE_SIGN_STYLE = Automatic;
				DEVELOPMENT_TEAM = CPMBNC68F4;
				INFOPLIST_FILE = Alome/Info.plist;
				LD_RUNPATH_SEARCH_PATHS = (
					"$(inherited)",
					"@executable_path/Frameworks",
				);
				PRODUCT_BUNDLE_IDENTIFIER = Alexware.Alome;
				PRODUCT_NAME = "$(TARGET_NAME)";
				SWIFT_VERSION = 4.0;
				TARGETED_DEVICE_FAMILY = "1,2";
			};
			name = Release;
		};
/* End XCBuildConfiguration section */

/* Begin XCConfigurationList section */
		3FEA76AA20BD61300070A869 /* Build configuration list for PBXProject "Alome" */ = {
			isa = XCConfigurationList;
			buildConfigurations = (
				3FEA76BF20BD61330070A869 /* Debug */,
				3FEA76C020BD61330070A869 /* Release */,
			);
			defaultConfigurationIsVisible = 0;
			defaultConfigurationName = Release;
		};
		3FEA76C120BD61330070A869 /* Build configuration list for PBXNativeTarget "Alome" */ = {
			isa = XCConfigurationList;
			buildConfigurations = (
				3FEA76C220BD61330070A869 /* Debug */,
				3FEA76C320BD61330070A869 /* Release */,
			);
			defaultConfigurationIsVisible = 0;
			defaultConfigurationName = Release;
		};
/* End XCConfigurationList section */
	};
	rootObject = 3FEA76A720BD61300070A869 /* Project object */;
}
